
Microsoft Visual Studio Solution File, Format Version 12.00
# Visual Studio Version 17
VisualStudioVersion = 17.0.31903.59
MinimumVisualStudioVersion = 10.0.40219.1
Project("{FAE04EC0-301F-11D3-BF4B-00C04F79EFBC}") = "TR2KApp", "TR2KApp\TR2KApp.csproj", "{C7DBA74C-8A40-46C2-BFBB-B658F8F74EC5}"
EndProject
Project("{FAE04EC0-301F-11D3-BF4B-00C04F79EFBC}") = "TR2KBlazorLibrary", "TR2KBlazorLibrary\TR2KBlazorLibrary.csproj", "{58C357EA-F97E-4AF8-A137-C08B8793AF99}"
EndProject
Project("{FAE04EC0-301F-11D3-BF4B-00C04F79EFBC}") = "DatabaseCreator", "DatabaseCreator\DatabaseCreator.csproj", "{DF2FE834-F8E6-423A-9C5E-294D6AC26A3A}"
EndProject
Project("{FAE04EC0-301F-11D3-BF4B-00C04F79EFBC}") = "SchemaComparator", "SchemaComparator\SchemaComparator.csproj", "{6235453A-5C35-4385-9AEE-A6684FF39E59}"
EndProject
Global
	GlobalSection(SolutionConfigurationPlatforms) = preSolution
		Debug|Any CPU = Debug|Any CPU
		Debug|x64 = Debug|x64
		Debug|x86 = Debug|x86
		Release|Any CPU = Release|Any CPU
		Release|x64 = Release|x64
		Release|x86 = Release|x86
	EndGlobalSection
	GlobalSection(ProjectConfigurationPlatforms) = postSolution
		{C7DBA74C-8A40-46C2-BFBB-B658F8F74EC5}.Debug|Any CPU.ActiveCfg = Debug|Any CPU
		{C7DBA74C-8A40-46C2-BFBB-B658F8F74EC5}.Debug|Any CPU.Build.0 = Debug|Any CPU
		{C7DBA74C-8A40-46C2-BFBB-B658F8F74EC5}.Debug|x64.ActiveCfg = Debug|Any CPU
		{C7DBA74C-8A40-46C2-BFBB-B658F8F74EC5}.Debug|x64.Build.0 = Debug|Any CPU
		{C7DBA74C-8A40-46C2-BFBB-B658F8F74EC5}.Debug|x86.ActiveCfg = Debug|Any CPU
		{C7DBA74C-8A40-46C2-BFBB-B658F8F74EC5}.Debug|x86.Build.0 = Debug|Any CPU
		{C7DBA74C-8A40-46C2-BFBB-B658F8F74EC5}.Release|Any CPU.ActiveCfg = Release|Any CPU
		{C7DBA74C-8A40-46C2-BFBB-B658F8F74EC5}.Release|Any CPU.Build.0 = Release|Any CPU
		{C7DBA74C-8A40-46C2-BFBB-B658F8F74EC5}.Release|x64.ActiveCfg = Release|Any CPU
		{C7DBA74C-8A40-46C2-BFBB-B658F8F74EC5}.Release|x64.Build.0 = Release|Any CPU
		{C7DBA74C-8A40-46C2-BFBB-B658F8F74EC5}.Release|x86.ActiveCfg = Release|Any CPU
		{C7DBA74C-8A40-46C2-BFBB-B658F8F74EC5}.Release|x86.Build.0 = Release|Any CPU
		{58C357EA-F97E-4AF8-A137-C08B8793AF99}.Debug|Any CPU.ActiveCfg = Debug|Any CPU
		{58C357EA-F97E-4AF8-A137-C08B8793AF99}.Debug|Any CPU.Build.0 = Debug|Any CPU
		{58C357EA-F97E-4AF8-A137-C08B8793AF99}.Debug|x64.ActiveCfg = Debug|Any CPU
		{58C357EA-F97E-4AF8-A137-C08B8793AF99}.Debug|x64.Build.0 = Debug|Any CPU
		{58C357EA-F97E-4AF8-A137-C08B8793AF99}.Debug|x86.ActiveCfg = Debug|Any CPU
		{58C357EA-F97E-4AF8-A137-C08B8793AF99}.Debug|x86.Build.0 = Debug|Any CPU
		{58C357EA-F97E-4AF8-A137-C08B8793AF99}.Release|Any CPU.ActiveCfg = Release|Any CPU
		{58C357EA-F97E-4AF8-A137-C08B8793AF99}.Release|Any CPU.Build.0 = Release|Any CPU
		{58C357EA-F97E-4AF8-A137-C08B8793AF99}.Release|x64.ActiveCfg = Release|Any CPU
		{58C357EA-F97E-4AF8-A137-C08B8793AF99}.Release|x64.Build.0 = Release|Any CPU
		{58C357EA-F97E-4AF8-A137-C08B8793AF99}.Release|x86.ActiveCfg = Release|Any CPU
		{58C357EA-F97E-4AF8-A137-C08B8793AF99}.Release|x86.Build.0 = Release|Any CPU
		{DF2FE834-F8E6-423A-9C5E-294D6AC26A3A}.Debug|Any CPU.ActiveCfg = Debug|Any CPU
		{DF2FE834-F8E6-423A-9C5E-294D6AC26A3A}.Debug|Any CPU.Build.0 = Debug|Any CPU
		{DF2FE834-F8E6-423A-9C5E-294D6AC26A3A}.Debug|x64.ActiveCfg = Debug|Any CPU
		{DF2FE834-F8E6-423A-9C5E-294D6AC26A3A}.Debug|x64.Build.0 = Debug|Any CPU
		{DF2FE834-F8E6-423A-9C5E-294D6AC26A3A}.Debug|x86.ActiveCfg = Debug|Any CPU
		{DF2FE834-F8E6-423A-9C5E-294D6AC26A3A}.Debug|x86.Build.0 = Debug|Any CPU
		{DF2FE834-F8E6-423A-9C5E-294D6AC26A3A}.Release|Any CPU.ActiveCfg = Release|Any CPU
		{DF2FE834-F8E6-423A-9C5E-294D6AC26A3A}.Release|Any CPU.Build.0 = Release|Any CPU
		{DF2FE834-F8E6-423A-9C5E-294D6AC26A3A}.Release|x64.ActiveCfg = Release|Any CPU
		{DF2FE834-F8E6-423A-9C5E-294D6AC26A3A}.Release|x64.Build.0 = Release|Any CPU
		{DF2FE834-F8E6-423A-9C5E-294D6AC26A3A}.Release|x86.ActiveCfg = Release|Any CPU
		{DF2FE834-F8E6-423A-9C5E-294D6AC26A3A}.Release|x86.Build.0 = Release|Any CPU
		{6235453A-5C35-4385-9AEE-A6684FF39E59}.Debug|Any CPU.ActiveCfg = Debug|Any CPU
		{6235453A-5C35-4385-9AEE-A6684FF39E59}.Debug|Any CPU.Build.0 = Debug|Any CPU
		{6235453A-5C35-4385-9AEE-A6684FF39E59}.Debug|x64.ActiveCfg = Debug|Any CPU
		{6235453A-5C35-4385-9AEE-A6684FF39E59}.Debug|x64.Build.0 = Debug|Any CPU
		{6235453A-5C35-4385-9AEE-A6684FF39E59}.Debug|x86.ActiveCfg = Debug|Any CPU
		{6235453A-5C35-4385-9AEE-A6684FF39E59}.Debug|x86.Build.0 = Debug|Any CPU
		{6235453A-5C35-4385-9AEE-A6684FF39E59}.Release|Any CPU.ActiveCfg = Release|Any CPU
		{6235453A-5C35-4385-9AEE-A6684FF39E59}.Release|Any CPU.Build.0 = Release|Any CPU
		{6235453A-5C35-4385-9AEE-A6684FF39E59}.Release|x64.ActiveCfg = Release|Any CPU
		{6235453A-5C35-4385-9AEE-A6684FF39E59}.Release|x64.Build.0 = Release|Any CPU
		{6235453A-5C35-4385-9AEE-A6684FF39E59}.Release|x86.ActiveCfg = Release|Any CPU
		{6235453A-5C35-4385-9AEE-A6684FF39E59}.Release|x86.Build.0 = Release|Any CPU
	EndGlobalSection
	GlobalSection(SolutionProperties) = preSolution
		HideSolutionNode = FALSE
	EndGlobalSection
EndGlobal
